
Microsoft Visual Studio Solution File, Format Version 12.00
# Visual Studio Version 17
VisualStudioVersion = 17.11.35222.181
MinimumVisualStudioVersion = 10.0.40219.1
Project("{FAE04EC0-301F-11D3-BF4B-00C04F79EFBC}") = "Criticografo_XGVC.Android", "Criticografo_XGVC.Android\Criticografo_XGVC.Android.csproj", "{9153BDD3-44D0-4E6D-9E0D-5D6555AFB63E}"
EndProject
Project("{FAE04EC0-301F-11D3-BF4B-00C04F79EFBC}") = "Criticografo_XGVC.iOS", "Criticografo_XGVC.iOS\Criticografo_XGVC.iOS.csproj", "{3B654058-93CF-4640-846D-13352B18DAB8}"
EndProject
Project("{FAE04EC0-301F-11D3-BF4B-00C04F79EFBC}") = "Criticografo_XGVC", "Criticografo_XGVC\Criticografo_XGVC.csproj", "{6B9C7C6E-BF0D-407E-AE8F-1DD3C25DE433}"
EndProject
Global
	GlobalSection(SolutionConfigurationPlatforms) = preSolution
		Debug|Any CPU = Debug|Any CPU
		Debug|iPhone = Debug|iPhone
		Debug|iPhoneSimulator = Debug|iPhoneSimulator
		Release|Any CPU = Release|Any CPU
		Release|iPhone = Release|iPhone
		Release|iPhoneSimulator = Release|iPhoneSimulator
	EndGlobalSection
	GlobalSection(ProjectConfigurationPlatforms) = postSolution
		{9153BDD3-44D0-4E6D-9E0D-5D6555AFB63E}.Debug|Any CPU.ActiveCfg = Debug|Any CPU
		{9153BDD3-44D0-4E6D-9E0D-5D6555AFB63E}.Debug|Any CPU.Build.0 = Debug|Any CPU
		{9153BDD3-44D0-4E6D-9E0D-5D6555AFB63E}.Debug|Any CPU.Deploy.0 = Debug|Any CPU
		{9153BDD3-44D0-4E6D-9E0D-5D6555AFB63E}.Debug|iPhone.ActiveCfg = Debug|Any CPU
		{9153BDD3-44D0-4E6D-9E0D-5D6555AFB63E}.Debug|iPhone.Build.0 = Debug|Any CPU
		{9153BDD3-44D0-4E6D-9E0D-5D6555AFB63E}.Debug|iPhone.Deploy.0 = Debug|Any CPU
		{9153BDD3-44D0-4E6D-9E0D-5D6555AFB63E}.Debug|iPhoneSimulator.ActiveCfg = Debug|Any CPU
		{9153BDD3-44D0-4E6D-9E0D-5D6555AFB63E}.Debug|iPhoneSimulator.Build.0 = Debug|Any CPU
		{9153BDD3-44D0-4E6D-9E0D-5D6555AFB63E}.Debug|iPhoneSimulator.Deploy.0 = Debug|Any CPU
		{9153BDD3-44D0-4E6D-9E0D-5D6555AFB63E}.Release|Any CPU.ActiveCfg = Release|Any CPU
		{9153BDD3-44D0-4E6D-9E0D-5D6555AFB63E}.Release|Any CPU.Build.0 = Release|Any CPU
		{9153BDD3-44D0-4E6D-9E0D-5D6555AFB63E}.Release|Any CPU.Deploy.0 = Release|Any CPU
		{9153BDD3-44D0-4E6D-9E0D-5D6555AFB63E}.Release|iPhone.ActiveCfg = Release|Any CPU
		{9153BDD3-44D0-4E6D-9E0D-5D6555AFB63E}.Release|iPhone.Build.0 = Release|Any CPU
		{9153BDD3-44D0-4E6D-9E0D-5D6555AFB63E}.Release|iPhone.Deploy.0 = Release|Any CPU
		{9153BDD3-44D0-4E6D-9E0D-5D6555AFB63E}.Release|iPhoneSimulator.ActiveCfg = Release|Any CPU
		{9153BDD3-44D0-4E6D-9E0D-5D6555AFB63E}.Release|iPhoneSimulator.Build.0 = Release|Any CPU
		{9153BDD3-44D0-4E6D-9E0D-5D6555AFB63E}.Release|iPhoneSimulator.Deploy.0 = Release|Any CPU
		{3B654058-93CF-4640-846D-13352B18DAB8}.Debug|Any CPU.ActiveCfg = Debug|iPhone
		{3B654058-93CF-4640-846D-13352B18DAB8}.Debug|Any CPU.Build.0 = Debug|iPhone
		{3B654058-93CF-4640-846D-13352B18DAB8}.Debug|Any CPU.Deploy.0 = Debug|iPhone
		{3B654058-93CF-4640-846D-13352B18DAB8}.Debug|iPhone.ActiveCfg = Debug|iPhone
		{3B654058-93CF-4640-846D-13352B18DAB8}.Debug|iPhone.Build.0 = Debug|iPhone
		{3B654058-93CF-4640-846D-13352B18DAB8}.Debug|iPhone.Deploy.0 = Debug|iPhone
		{3B654058-93CF-4640-846D-13352B18DAB8}.Debug|iPhoneSimulator.ActiveCfg = Debug|iPhoneSimulator
		{3B654058-93CF-4640-846D-13352B18DAB8}.Debug|iPhoneSimulator.Build.0 = Debug|iPhoneSimulator
		{3B654058-93CF-4640-846D-13352B18DAB8}.Debug|iPhoneSimulator.Deploy.0 = Debug|iPhoneSimulator
		{3B654058-93CF-4640-846D-13352B18DAB8}.Release|Any CPU.ActiveCfg = Release|iPhoneSimulator
		{3B654058-93CF-4640-846D-13352B18DAB8}.Release|Any CPU.Build.0 = Release|iPhoneSimulator
		{3B654058-93CF-4640-846D-13352B18DAB8}.Release|Any CPU.Deploy.0 = Release|iPhoneSimulator
		{3B654058-93CF-4640-846D-13352B18DAB8}.Release|iPhone.ActiveCfg = Release|iPhone
		{3B654058-93CF-4640-846D-13352B18DAB8}.Release|iPhone.Build.0 = Release|iPhone
		{3B654058-93CF-4640-846D-13352B18DAB8}.Release|iPhone.Deploy.0 = Release|iPhone
		{3B654058-93CF-4640-846D-13352B18DAB8}.Release|iPhoneSimulator.ActiveCfg = Release|iPhoneSimulator
		{3B654058-93CF-4640-846D-13352B18DAB8}.Release|iPhoneSimulator.Build.0 = Release|iPhoneSimulator
		{3B654058-93CF-4640-846D-13352B18DAB8}.Release|iPhoneSimulator.Deploy.0 = Release|iPhoneSimulator
		{6B9C7C6E-BF0D-407E-AE8F-1DD3C25DE433}.Debug|Any CPU.ActiveCfg = Debug|Any CPU
		{6B9C7C6E-BF0D-407E-AE8F-1DD3C25DE433}.Debug|Any CPU.Build.0 = Debug|Any CPU
		{6B9C7C6E-BF0D-407E-AE8F-1DD3C25DE433}.Debug|Any CPU.Deploy.0 = Debug|Any CPU
		{6B9C7C6E-BF0D-407E-AE8F-1DD3C25DE433}.Debug|iPhone.ActiveCfg = Debug|Any CPU
		{6B9C7C6E-BF0D-407E-AE8F-1DD3C25DE433}.Debug|iPhone.Build.0 = Debug|Any CPU
		{6B9C7C6E-BF0D-407E-AE8F-1DD3C25DE433}.Debug|iPhone.Deploy.0 = Debug|Any CPU
		{6B9C7C6E-BF0D-407E-AE8F-1DD3C25DE433}.Debug|iPhoneSimulator.ActiveCfg = Debug|Any CPU
		{6B9C7C6E-BF0D-407E-AE8F-1DD3C25DE433}.Debug|iPhoneSimulator.Build.0 = Debug|Any CPU
		{6B9C7C6E-BF0D-407E-AE8F-1DD3C25DE433}.Debug|iPhoneSimulator.Deploy.0 = Debug|Any CPU
		{6B9C7C6E-BF0D-407E-AE8F-1DD3C25DE433}.Release|Any CPU.ActiveCfg = Release|Any CPU
		{6B9C7C6E-BF0D-407E-AE8F-1DD3C25DE433}.Release|Any CPU.Build.0 = Release|Any CPU
		{6B9C7C6E-BF0D-407E-AE8F-1DD3C25DE433}.Release|Any CPU.Deploy.0 = Release|Any CPU
		{6B9C7C6E-BF0D-407E-AE8F-1DD3C25DE433}.Release|iPhone.ActiveCfg = Release|Any CPU
		{6B9C7C6E-BF0D-407E-AE8F-1DD3C25DE433}.Release|iPhone.Build.0 = Release|Any CPU
		{6B9C7C6E-BF0D-407E-AE8F-1DD3C25DE433}.Release|iPhone.Deploy.0 = Release|Any CPU
		{6B9C7C6E-BF0D-407E-AE8F-1DD3C25DE433}.Release|iPhoneSimulator.ActiveCfg = Release|Any CPU
		{6B9C7C6E-BF0D-407E-AE8F-1DD3C25DE433}.Release|iPhoneSimulator.Build.0 = Release|Any CPU
		{6B9C7C6E-BF0D-407E-AE8F-1DD3C25DE433}.Release|iPhoneSimulator.Deploy.0 = Release|Any CPU
	EndGlobalSection
	GlobalSection(SolutionProperties) = preSolution
		HideSolutionNode = FALSE
	EndGlobalSection
	GlobalSection(ExtensibilityGlobals) = postSolution
		SolutionGuid = {7681187B-52C7-46B9-8F29-DCC6482136C2}
	EndGlobalSection
EndGlobal
